// !$*UTF8*$!
{
	archiveVersion = 1;
	classes = {
	};
	objectVersion = 56;
	objects = {

/* Begin PBXBuildFile section */
		A5C10C732980784300D0488C /* AppDelegate.swift in Sources */ = {isa = PBXBuildFile; fileRef = A5C10C722980784300D0488C /* AppDelegate.swift */; };
		A5C10C752980784300D0488C /* SceneDelegate.swift in Sources */ = {isa = PBXBuildFile; fileRef = A5C10C742980784300D0488C /* SceneDelegate.swift */; };
		A5C10C772980784300D0488C /* HomePageVC.swift in Sources */ = {isa = PBXBuildFile; fileRef = A5C10C762980784300D0488C /* HomePageVC.swift */; };
		A5C10C7A2980784300D0488C /* Main.storyboard in Resources */ = {isa = PBXBuildFile; fileRef = A5C10C782980784300D0488C /* Main.storyboard */; };
		A5C10C7C2980784400D0488C /* Assets.xcassets in Resources */ = {isa = PBXBuildFile; fileRef = A5C10C7B2980784400D0488C /* Assets.xcassets */; };
		A5C10C7F2980784400D0488C /* LaunchScreen.storyboard in Resources */ = {isa = PBXBuildFile; fileRef = A5C10C7D2980784400D0488C /* LaunchScreen.storyboard */; };
		A5C10C9D2981F95800D0488C /* Poppins-Regular.ttf in Resources */ = {isa = PBXBuildFile; fileRef = A5C10C8A2981F95800D0488C /* Poppins-Regular.ttf */; };
		A5C10C9E2981F95800D0488C /* Poppins-ExtraLight.ttf in Resources */ = {isa = PBXBuildFile; fileRef = A5C10C8B2981F95800D0488C /* Poppins-ExtraLight.ttf */; };
		A5C10C9F2981F95800D0488C /* Poppins-Black.ttf in Resources */ = {isa = PBXBuildFile; fileRef = A5C10C8C2981F95800D0488C /* Poppins-Black.ttf */; };
		A5C10CA02981F95800D0488C /* Poppins-SemiBold.ttf in Resources */ = {isa = PBXBuildFile; fileRef = A5C10C8D2981F95800D0488C /* Poppins-SemiBold.ttf */; };
		A5C10CA12981F95800D0488C /* Poppins-SemiBoldItalic.ttf in Resources */ = {isa = PBXBuildFile; fileRef = A5C10C8E2981F95800D0488C /* Poppins-SemiBoldItalic.ttf */; };
		A5C10CA22981F95800D0488C /* Poppins-LightItalic.ttf in Resources */ = {isa = PBXBuildFile; fileRef = A5C10C8F2981F95800D0488C /* Poppins-LightItalic.ttf */; };
		A5C10CA32981F95800D0488C /* OFL.txt in Resources */ = {isa = PBXBuildFile; fileRef = A5C10C902981F95800D0488C /* OFL.txt */; };
		A5C10CA42981F95800D0488C /* Poppins-Thin.ttf in Resources */ = {isa = PBXBuildFile; fileRef = A5C10C912981F95800D0488C /* Poppins-Thin.ttf */; };
		A5C10CA52981F95800D0488C /* Poppins-ThinItalic.ttf in Resources */ = {isa = PBXBuildFile; fileRef = A5C10C922981F95800D0488C /* Poppins-ThinItalic.ttf */; };
		A5C10CA62981F95800D0488C /* Poppins-BlackItalic.ttf in Resources */ = {isa = PBXBuildFile; fileRef = A5C10C932981F95800D0488C /* Poppins-BlackItalic.ttf */; };
		A5C10CA72981F95800D0488C /* Poppins-ExtraLightItalic.ttf in Resources */ = {isa = PBXBuildFile; fileRef = A5C10C942981F95800D0488C /* Poppins-ExtraLightItalic.ttf */; };
		A5C10CA82981F95800D0488C /* Poppins-ExtraBold.ttf in Resources */ = {isa = PBXBuildFile; fileRef = A5C10C952981F95800D0488C /* Poppins-ExtraBold.ttf */; };
		A5C10CA92981F95800D0488C /* Poppins-Light.ttf in Resources */ = {isa = PBXBuildFile; fileRef = A5C10C962981F95800D0488C /* Poppins-Light.ttf */; };
		A5C10CAA2981F95800D0488C /* Poppins-Medium.ttf in Resources */ = {isa = PBXBuildFile; fileRef = A5C10C972981F95800D0488C /* Poppins-Medium.ttf */; };
		A5C10CAB2981F95800D0488C /* Poppins-Bold.ttf in Resources */ = {isa = PBXBuildFile; fileRef = A5C10C982981F95800D0488C /* Poppins-Bold.ttf */; };
		A5C10CAC2981F95800D0488C /* Poppins-BoldItalic.ttf in Resources */ = {isa = PBXBuildFile; fileRef = A5C10C992981F95800D0488C /* Poppins-BoldItalic.ttf */; };
		A5C10CAD2981F95800D0488C /* Poppins-MediumItalic.ttf in Resources */ = {isa = PBXBuildFile; fileRef = A5C10C9A2981F95800D0488C /* Poppins-MediumItalic.ttf */; };
		A5C10CAE2981F95800D0488C /* Poppins-Italic.ttf in Resources */ = {isa = PBXBuildFile; fileRef = A5C10C9B2981F95800D0488C /* Poppins-Italic.ttf */; };
		A5C10CAF2981F95800D0488C /* Poppins-ExtraBoldItalic.ttf in Resources */ = {isa = PBXBuildFile; fileRef = A5C10C9C2981F95800D0488C /* Poppins-ExtraBoldItalic.ttf */; };
		A5C10CB12982175F00D0488C /* DrinkCategories.swift in Sources */ = {isa = PBXBuildFile; fileRef = A5C10CB02982175F00D0488C /* DrinkCategories.swift */; };
		A5C10CB3298222D100D0488C /* DrinkCollectionViewCell.swift in Sources */ = {isa = PBXBuildFile; fileRef = A5C10CB2298222D000D0488C /* DrinkCollectionViewCell.swift */; };
/* End PBXBuildFile section */

/* Begin PBXFileReference section */
		A5C10C6F2980784300D0488C /* The Perfect Buzz.app */ = {isa = PBXFileReference; explicitFileType = wrapper.application; includeInIndex = 0; path = "The Perfect Buzz.app"; sourceTree = BUILT_PRODUCTS_DIR; };
		A5C10C722980784300D0488C /* AppDelegate.swift */ = {isa = PBXFileReference; lastKnownFileType = sourcecode.swift; path = AppDelegate.swift; sourceTree = "<group>"; };
		A5C10C742980784300D0488C /* SceneDelegate.swift */ = {isa = PBXFileReference; lastKnownFileType = sourcecode.swift; path = SceneDelegate.swift; sourceTree = "<group>"; };
		A5C10C762980784300D0488C /* HomePageVC.swift */ = {isa = PBXFileReference; lastKnownFileType = sourcecode.swift; path = HomePageVC.swift; sourceTree = "<group>"; };
		A5C10C792980784300D0488C /* Base */ = {isa = PBXFileReference; lastKnownFileType = file.storyboard; name = Base; path = Base.lproj/Main.storyboard; sourceTree = "<group>"; };
		A5C10C7B2980784400D0488C /* Assets.xcassets */ = {isa = PBXFileReference; lastKnownFileType = folder.assetcatalog; path = Assets.xcassets; sourceTree = "<group>"; };
		A5C10C7E2980784400D0488C /* Base */ = {isa = PBXFileReference; lastKnownFileType = file.storyboard; name = Base; path = Base.lproj/LaunchScreen.storyboard; sourceTree = "<group>"; };
		A5C10C802980784400D0488C /* Info.plist */ = {isa = PBXFileReference; lastKnownFileType = text.plist.xml; path = Info.plist; sourceTree = "<group>"; };
		A5C10C8A2981F95800D0488C /* Poppins-Regular.ttf */ = {isa = PBXFileReference; lastKnownFileType = file; path = "Poppins-Regular.ttf"; sourceTree = "<group>"; };
		A5C10C8B2981F95800D0488C /* Poppins-ExtraLight.ttf */ = {isa = PBXFileReference; lastKnownFileType = file; path = "Poppins-ExtraLight.ttf"; sourceTree = "<group>"; };
		A5C10C8C2981F95800D0488C /* Poppins-Black.ttf */ = {isa = PBXFileReference; lastKnownFileType = file; path = "Poppins-Black.ttf"; sourceTree = "<group>"; };
		A5C10C8D2981F95800D0488C /* Poppins-SemiBold.ttf */ = {isa = PBXFileReference; lastKnownFileType = file; path = "Poppins-SemiBold.ttf"; sourceTree = "<group>"; };
		A5C10C8E2981F95800D0488C /* Poppins-SemiBoldItalic.ttf */ = {isa = PBXFileReference; lastKnownFileType = file; path = "Poppins-SemiBoldItalic.ttf"; sourceTree = "<group>"; };
		A5C10C8F2981F95800D0488C /* Poppins-LightItalic.ttf */ = {isa = PBXFileReference; lastKnownFileType = file; path = "Poppins-LightItalic.ttf"; sourceTree = "<group>"; };
		A5C10C902981F95800D0488C /* OFL.txt */ = {isa = PBXFileReference; fileEncoding = 4; lastKnownFileType = text; path = OFL.txt; sourceTree = "<group>"; };
		A5C10C912981F95800D0488C /* Poppins-Thin.ttf */ = {isa = PBXFileReference; lastKnownFileType = file; path = "Poppins-Thin.ttf"; sourceTree = "<group>"; };
		A5C10C922981F95800D0488C /* Poppins-ThinItalic.ttf */ = {isa = PBXFileReference; lastKnownFileType = file; path = "Poppins-ThinItalic.ttf"; sourceTree = "<group>"; };
		A5C10C932981F95800D0488C /* Poppins-BlackItalic.ttf */ = {isa = PBXFileReference; lastKnownFileType = file; path = "Poppins-BlackItalic.ttf"; sourceTree = "<group>"; };
		A5C10C942981F95800D0488C /* Poppins-ExtraLightItalic.ttf */ = {isa = PBXFileReference; lastKnownFileType = file; path = "Poppins-ExtraLightItalic.ttf"; sourceTree = "<group>"; };
		A5C10C952981F95800D0488C /* Poppins-ExtraBold.ttf */ = {isa = PBXFileReference; lastKnownFileType = file; path = "Poppins-ExtraBold.ttf"; sourceTree = "<group>"; };
		A5C10C962981F95800D0488C /* Poppins-Light.ttf */ = {isa = PBXFileReference; lastKnownFileType = file; path = "Poppins-Light.ttf"; sourceTree = "<group>"; };
		A5C10C972981F95800D0488C /* Poppins-Medium.ttf */ = {isa = PBXFileReference; lastKnownFileType = file; path = "Poppins-Medium.ttf"; sourceTree = "<group>"; };
		A5C10C982981F95800D0488C /* Poppins-Bold.ttf */ = {isa = PBXFileReference; lastKnownFileType = file; path = "Poppins-Bold.ttf"; sourceTree = "<group>"; };
		A5C10C992981F95800D0488C /* Poppins-BoldItalic.ttf */ = {isa = PBXFileReference; lastKnownFileType = file; path = "Poppins-BoldItalic.ttf"; sourceTree = "<group>"; };
		A5C10C9A2981F95800D0488C /* Poppins-MediumItalic.ttf */ = {isa = PBXFileReference; lastKnownFileType = file; path = "Poppins-MediumItalic.ttf"; sourceTree = "<group>"; };
		A5C10C9B2981F95800D0488C /* Poppins-Italic.ttf */ = {isa = PBXFileReference; lastKnownFileType = file; path = "Poppins-Italic.ttf"; sourceTree = "<group>"; };
		A5C10C9C2981F95800D0488C /* Poppins-ExtraBoldItalic.ttf */ = {isa = PBXFileReference; lastKnownFileType = file; path = "Poppins-ExtraBoldItalic.ttf"; sourceTree = "<group>"; };
		A5C10CB02982175F00D0488C /* DrinkCategories.swift */ = {isa = PBXFileReference; lastKnownFileType = sourcecode.swift; path = DrinkCategories.swift; sourceTree = "<group>"; };
		A5C10CB2298222D000D0488C /* DrinkCollectionViewCell.swift */ = {isa = PBXFileReference; lastKnownFileType = sourcecode.swift; path = DrinkCollectionViewCell.swift; sourceTree = "<group>"; };
/* End PBXFileReference section */

/* Begin PBXFrameworksBuildPhase section */
		A5C10C6C2980784300D0488C /* Frameworks */ = {
			isa = PBXFrameworksBuildPhase;
			buildActionMask = 2147483647;
			files = (
			);
			runOnlyForDeploymentPostprocessing = 0;
		};
/* End PBXFrameworksBuildPhase section */

/* Begin PBXGroup section */
		A5C10C662980784300D0488C = {
			isa = PBXGroup;
			children = (
				A5C10C712980784300D0488C /* ThePerfectBuzz */,
				A5C10C702980784300D0488C /* Products */,
			);
			sourceTree = "<group>";
		};
		A5C10C702980784300D0488C /* Products */ = {
			isa = PBXGroup;
			children = (
				A5C10C6F2980784300D0488C /* The Perfect Buzz.app */,
			);
			name = Products;
			sourceTree = "<group>";
		};
		A5C10C712980784300D0488C /* ThePerfectBuzz */ = {
			isa = PBXGroup;
			children = (
				A5C10C892981F93800D0488C /* Fonts */,
				A5C10C882980789E00D0488C /* Controller */,
				A5C10C872980789800D0488C /* View */,
				A5C10C862980789000D0488C /* Model */,
				A5C10C722980784300D0488C /* AppDelegate.swift */,
				A5C10C742980784300D0488C /* SceneDelegate.swift */,
				A5C10C762980784300D0488C /* HomePageVC.swift */,
				A5C10CB2298222D000D0488C /* DrinkCollectionViewCell.swift */,
				A5C10C782980784300D0488C /* Main.storyboard */,
				A5C10C7B2980784400D0488C /* Assets.xcassets */,
				A5C10C7D2980784400D0488C /* LaunchScreen.storyboard */,
				A5C10C802980784400D0488C /* Info.plist */,
			);
			path = ThePerfectBuzz;
			sourceTree = "<group>";
		};
		A5C10C862980789000D0488C /* Model */ = {
			isa = PBXGroup;
			children = (
				A5C10CB02982175F00D0488C /* DrinkCategories.swift */,
			);
			path = Model;
			sourceTree = "<group>";
		};
		A5C10C872980789800D0488C /* View */ = {
			isa = PBXGroup;
			children = (
			);
			path = View;
			sourceTree = "<group>";
		};
		A5C10C882980789E00D0488C /* Controller */ = {
			isa = PBXGroup;
			children = (
			);
			path = Controller;
			sourceTree = "<group>";
		};
		A5C10C892981F93800D0488C /* Fonts */ = {
			isa = PBXGroup;
			children = (
				A5C10C902981F95800D0488C /* OFL.txt */,
				A5C10C8C2981F95800D0488C /* Poppins-Black.ttf */,
				A5C10C932981F95800D0488C /* Poppins-BlackItalic.ttf */,
				A5C10C982981F95800D0488C /* Poppins-Bold.ttf */,
				A5C10C992981F95800D0488C /* Poppins-BoldItalic.ttf */,
				A5C10C952981F95800D0488C /* Poppins-ExtraBold.ttf */,
				A5C10C9C2981F95800D0488C /* Poppins-ExtraBoldItalic.ttf */,
				A5C10C8B2981F95800D0488C /* Poppins-ExtraLight.ttf */,
				A5C10C942981F95800D0488C /* Poppins-ExtraLightItalic.ttf */,
				A5C10C9B2981F95800D0488C /* Poppins-Italic.ttf */,
				A5C10C962981F95800D0488C /* Poppins-Light.ttf */,
				A5C10C8F2981F95800D0488C /* Poppins-LightItalic.ttf */,
				A5C10C972981F95800D0488C /* Poppins-Medium.ttf */,
				A5C10C9A2981F95800D0488C /* Poppins-MediumItalic.ttf */,
				A5C10C8A2981F95800D0488C /* Poppins-Regular.ttf */,
				A5C10C8D2981F95800D0488C /* Poppins-SemiBold.ttf */,
				A5C10C8E2981F95800D0488C /* Poppins-SemiBoldItalic.ttf */,
				A5C10C912981F95800D0488C /* Poppins-Thin.ttf */,
				A5C10C922981F95800D0488C /* Poppins-ThinItalic.ttf */,
			);
			path = Fonts;
			sourceTree = "<group>";
		};
/* End PBXGroup section */

/* Begin PBXNativeTarget section */
		A5C10C6E2980784300D0488C /* The Perfect Buzz */ = {
			isa = PBXNativeTarget;
			buildConfigurationList = A5C10C832980784400D0488C /* Build configuration list for PBXNativeTarget "The Perfect Buzz" */;
			buildPhases = (
				A5C10C6B2980784300D0488C /* Sources */,
				A5C10C6C2980784300D0488C /* Frameworks */,
				A5C10C6D2980784300D0488C /* Resources */,
			);
			buildRules = (
			);
			dependencies = (
			);
			name = "The Perfect Buzz";
			productName = ThePerfectBuzz;
			productReference = A5C10C6F2980784300D0488C /* The Perfect Buzz.app */;
			productType = "com.apple.product-type.application";
		};
/* End PBXNativeTarget section */

/* Begin PBXProject section */
		A5C10C672980784300D0488C /* Project object */ = {
			isa = PBXProject;
			attributes = {
				BuildIndependentTargetsInParallel = 1;
				LastSwiftUpdateCheck = 1400;
				LastUpgradeCheck = 1400;
				TargetAttributes = {
					A5C10C6E2980784300D0488C = {
						CreatedOnToolsVersion = 14.0.1;
					};
				};
			};
			buildConfigurationList = A5C10C6A2980784300D0488C /* Build configuration list for PBXProject "The Perfect Buzz" */;
			compatibilityVersion = "Xcode 14.0";
			developmentRegion = en;
			hasScannedForEncodings = 0;
			knownRegions = (
				en,
				Base,
			);
			mainGroup = A5C10C662980784300D0488C;
			productRefGroup = A5C10C702980784300D0488C /* Products */;
			projectDirPath = "";
			projectRoot = "";
			targets = (
				A5C10C6E2980784300D0488C /* The Perfect Buzz */,
			);
		};
/* End PBXProject section */

/* Begin PBXResourcesBuildPhase section */
		A5C10C6D2980784300D0488C /* Resources */ = {
			isa = PBXResourcesBuildPhase;
			buildActionMask = 2147483647;
			files = (
				A5C10CA32981F95800D0488C /* OFL.txt in Resources */,
				A5C10CAB2981F95800D0488C /* Poppins-Bold.ttf in Resources */,
				A5C10CA82981F95800D0488C /* Poppins-ExtraBold.ttf in Resources */,
				A5C10CA62981F95800D0488C /* Poppins-BlackItalic.ttf in Resources */,
				A5C10CAC2981F95800D0488C /* Poppins-BoldItalic.ttf in Resources */,
				A5C10C9F2981F95800D0488C /* Poppins-Black.ttf in Resources */,
				A5C10CAF2981F95800D0488C /* Poppins-ExtraBoldItalic.ttf in Resources */,
				A5C10CAA2981F95800D0488C /* Poppins-Medium.ttf in Resources */,
				A5C10CA12981F95800D0488C /* Poppins-SemiBoldItalic.ttf in Resources */,
				A5C10CA02981F95800D0488C /* Poppins-SemiBold.ttf in Resources */,
				A5C10CAE2981F95800D0488C /* Poppins-Italic.ttf in Resources */,
				A5C10CAD2981F95800D0488C /* Poppins-MediumItalic.ttf in Resources */,
				A5C10C9E2981F95800D0488C /* Poppins-ExtraLight.ttf in Resources */,
				A5C10C7F2980784400D0488C /* LaunchScreen.storyboard in Resources */,
				A5C10C7C2980784400D0488C /* Assets.xcassets in Resources */,
				A5C10CA72981F95800D0488C /* Poppins-ExtraLightItalic.ttf in Resources */,
				A5C10C7A2980784300D0488C /* Main.storyboard in Resources */,
				A5C10CA92981F95800D0488C /* Poppins-Light.ttf in Resources */,
				A5C10CA22981F95800D0488C /* Poppins-LightItalic.ttf in Resources */,
				A5C10CA52981F95800D0488C /* Poppins-ThinItalic.ttf in Resources */,
				A5C10CA42981F95800D0488C /* Poppins-Thin.ttf in Resources */,
				A5C10C9D2981F95800D0488C /* Poppins-Regular.ttf in Resources */,
			);
			runOnlyForDeploymentPostprocessing = 0;
		};
/* End PBXResourcesBuildPhase section */

/* Begin PBXSourcesBuildPhase section */
		A5C10C6B2980784300D0488C /* Sources */ = {
			isa = PBXSourcesBuildPhase;
			buildActionMask = 2147483647;
			files = (
				A5C10CB3298222D100D0488C /* DrinkCollectionViewCell.swift in Sources */,
				A5C10C772980784300D0488C /* HomePageVC.swift in Sources */,
				A5C10C732980784300D0488C /* AppDelegate.swift in Sources */,
				A5C10CB12982175F00D0488C /* DrinkCategories.swift in Sources */,
				A5C10C752980784300D0488C /* SceneDelegate.swift in Sources */,
			);
			runOnlyForDeploymentPostprocessing = 0;
		};
/* End PBXSourcesBuildPhase section */

/* Begin PBXVariantGroup section */
		A5C10C782980784300D0488C /* Main.storyboard */ = {
			isa = PBXVariantGroup;
			children = (
				A5C10C792980784300D0488C /* Base */,
			);
			name = Main.storyboard;
			sourceTree = "<group>";
		};
		A5C10C7D2980784400D0488C /* LaunchScreen.storyboard */ = {
			isa = PBXVariantGroup;
			children = (
				A5C10C7E2980784400D0488C /* Base */,
			);
			name = LaunchScreen.storyboard;
			sourceTree = "<group>";
		};
/* End PBXVariantGroup section */

/* Begin XCBuildConfiguration section */
		A5C10C812980784400D0488C /* Debug */ = {
			isa = XCBuildConfiguration;
			buildSettings = {
				ALWAYS_SEARCH_USER_PATHS = NO;
				CLANG_ANALYZER_NONNULL = YES;
				CLANG_ANALYZER_NUMBER_OBJECT_CONVERSION = YES_AGGRESSIVE;
				CLANG_CXX_LANGUAGE_STANDARD = "gnu++20";
				CLANG_ENABLE_MODULES = YES;
				CLANG_ENABLE_OBJC_ARC = YES;
				CLANG_ENABLE_OBJC_WEAK = YES;
				CLANG_WARN_BLOCK_CAPTURE_AUTORELEASING = YES;
				CLANG_WARN_BOOL_CONVERSION = YES;
				CLANG_WARN_COMMA = YES;
				CLANG_WARN_CONSTANT_CONVERSION = YES;
				CLANG_WARN_DEPRECATED_OBJC_IMPLEMENTATIONS = YES;
				CLANG_WARN_DIRECT_OBJC_ISA_USAGE = YES_ERROR;
				CLANG_WARN_DOCUMENTATION_COMMENTS = YES;
				CLANG_WARN_EMPTY_BODY = YES;
				CLANG_WARN_ENUM_CONVERSION = YES;
				CLANG_WARN_INFINITE_RECURSION = YES;
				CLANG_WARN_INT_CONVERSION = YES;
				CLANG_WARN_NON_LITERAL_NULL_CONVERSION = YES;
				CLANG_WARN_OBJC_IMPLICIT_RETAIN_SELF = YES;
				CLANG_WARN_OBJC_LITERAL_CONVERSION = YES;
				CLANG_WARN_OBJC_ROOT_CLASS = YES_ERROR;
				CLANG_WARN_QUOTED_INCLUDE_IN_FRAMEWORK_HEADER = YES;
				CLANG_WARN_RANGE_LOOP_ANALYSIS = YES;
				CLANG_WARN_STRICT_PROTOTYPES = YES;
				CLANG_WARN_SUSPICIOUS_MOVE = YES;
				CLANG_WARN_UNGUARDED_AVAILABILITY = YES_AGGRESSIVE;
				CLANG_WARN_UNREACHABLE_CODE = YES;
				CLANG_WARN__DUPLICATE_METHOD_MATCH = YES;
				COPY_PHASE_STRIP = NO;
				DEBUG_INFORMATION_FORMAT = dwarf;
				ENABLE_STRICT_OBJC_MSGSEND = YES;
				ENABLE_TESTABILITY = YES;
				GCC_C_LANGUAGE_STANDARD = gnu11;
				GCC_DYNAMIC_NO_PIC = NO;
				GCC_NO_COMMON_BLOCKS = YES;
				GCC_OPTIMIZATION_LEVEL = 0;
				GCC_PREPROCESSOR_DEFINITIONS = (
					"DEBUG=1",
					"$(inherited)",
				);
				GCC_WARN_64_TO_32_BIT_CONVERSION = YES;
				GCC_WARN_ABOUT_RETURN_TYPE = YES_ERROR;
				GCC_WARN_UNDECLARED_SELECTOR = YES;
				GCC_WARN_UNINITIALIZED_AUTOS = YES_AGGRESSIVE;
				GCC_WARN_UNUSED_FUNCTION = YES;
				GCC_WARN_UNUSED_VARIABLE = YES;
				IPHONEOS_DEPLOYMENT_TARGET = 16.0;
				MTL_ENABLE_DEBUG_INFO = INCLUDE_SOURCE;
				MTL_FAST_MATH = YES;
				ONLY_ACTIVE_ARCH = YES;
				SDKROOT = iphoneos;
				SWIFT_ACTIVE_COMPILATION_CONDITIONS = DEBUG;
				SWIFT_OPTIMIZATION_LEVEL = "-Onone";
			};
			name = Debug;
		};
		A5C10C822980784400D0488C /* Release */ = {
			isa = XCBuildConfiguration;
			buildSettings = {
				ALWAYS_SEARCH_USER_PATHS = NO;
				CLANG_ANALYZER_NONNULL = YES;
				CLANG_ANALYZER_NUMBER_OBJECT_CONVERSION = YES_AGGRESSIVE;
				CLANG_CXX_LANGUAGE_STANDARD = "gnu++20";
				CLANG_ENABLE_MODULES = YES;
				CLANG_ENABLE_OBJC_ARC = YES;
				CLANG_ENABLE_OBJC_WEAK = YES;
				CLANG_WARN_BLOCK_CAPTURE_AUTORELEASING = YES;
				CLANG_WARN_BOOL_CONVERSION = YES;
				CLANG_WARN_COMMA = YES;
				CLANG_WARN_CONSTANT_CONVERSION = YES;
				CLANG_WARN_DEPRECATED_OBJC_IMPLEMENTATIONS = YES;
				CLANG_WARN_DIRECT_OBJC_ISA_USAGE = YES_ERROR;
				CLANG_WARN_DOCUMENTATION_COMMENTS = YES;
				CLANG_WARN_EMPTY_BODY = YES;
				CLANG_WARN_ENUM_CONVERSION = YES;
				CLANG_WARN_INFINITE_RECURSION = YES;
				CLANG_WARN_INT_CONVERSION = YES;
				CLANG_WARN_NON_LITERAL_NULL_CONVERSION = YES;
				CLANG_WARN_OBJC_IMPLICIT_RETAIN_SELF = YES;
				CLANG_WARN_OBJC_LITERAL_CONVERSION = YES;
				CLANG_WARN_OBJC_ROOT_CLASS = YES_ERROR;
				CLANG_WARN_QUOTED_INCLUDE_IN_FRAMEWORK_HEADER = YES;
				CLANG_WARN_RANGE_LOOP_ANALYSIS = YES;
				CLANG_WARN_STRICT_PROTOTYPES = YES;
				CLANG_WARN_SUSPICIOUS_MOVE = YES;
				CLANG_WARN_UNGUARDED_AVAILABILITY = YES_AGGRESSIVE;
				CLANG_WARN_UNREACHABLE_CODE = YES;
				CLANG_WARN__DUPLICATE_METHOD_MATCH = YES;
				COPY_PHASE_STRIP = NO;
				DEBUG_INFORMATION_FORMAT = "dwarf-with-dsym";
				ENABLE_NS_ASSERTIONS = NO;
				ENABLE_STRICT_OBJC_MSGSEND = YES;
				GCC_C_LANGUAGE_STANDARD = gnu11;
				GCC_NO_COMMON_BLOCKS = YES;
				GCC_WARN_64_TO_32_BIT_CONVERSION = YES;
				GCC_WARN_ABOUT_RETURN_TYPE = YES_ERROR;
				GCC_WARN_UNDECLARED_SELECTOR = YES;
				GCC_WARN_UNINITIALIZED_AUTOS = YES_AGGRESSIVE;
				GCC_WARN_UNUSED_FUNCTION = YES;
				GCC_WARN_UNUSED_VARIABLE = YES;
				IPHONEOS_DEPLOYMENT_TARGET = 16.0;
				MTL_ENABLE_DEBUG_INFO = NO;
				MTL_FAST_MATH = YES;
				SDKROOT = iphoneos;
				SWIFT_COMPILATION_MODE = wholemodule;
				SWIFT_OPTIMIZATION_LEVEL = "-O";
				VALIDATE_PRODUCT = YES;
			};
			name = Release;
		};
		A5C10C842980784400D0488C /* Debug */ = {
			isa = XCBuildConfiguration;
			buildSettings = {
				ASSETCATALOG_COMPILER_APPICON_NAME = AppIcon;
				ASSETCATALOG_COMPILER_GLOBAL_ACCENT_COLOR_NAME = AccentColor;
				CODE_SIGN_STYLE = Automatic;
				CURRENT_PROJECT_VERSION = 1;
				DEVELOPMENT_TEAM = KN446JPPP4;
				GENERATE_INFOPLIST_FILE = YES;
				INFOPLIST_FILE = ThePerfectBuzz/Info.plist;
				INFOPLIST_KEY_CFBundleDisplayName = "The Perfect Buzz";
				INFOPLIST_KEY_UIApplicationSupportsIndirectInputEvents = YES;
				INFOPLIST_KEY_UILaunchStoryboardName = LaunchScreen;
				INFOPLIST_KEY_UIMainStoryboardFile = Main;
				INFOPLIST_KEY_UISupportedInterfaceOrientations_iPad = "UIInterfaceOrientationPortrait UIInterfaceOrientationPortraitUpsideDown UIInterfaceOrientationLandscapeLeft UIInterfaceOrientationLandscapeRight";
				INFOPLIST_KEY_UISupportedInterfaceOrientations_iPhone = "UIInterfaceOrientationPortrait UIInterfaceOrientationLandscapeLeft UIInterfaceOrientationLandscapeRight";
				LD_RUNPATH_SEARCH_PATHS = (
					"$(inherited)",
					"@executable_path/Frameworks",
				);
				MARKETING_VERSION = 1.0;
				PRODUCT_BUNDLE_IDENTIFIER = DaneJApps.ThePerfectBuzz;
				PRODUCT_NAME = "$(TARGET_NAME)";
				SWIFT_EMIT_LOC_STRINGS = YES;
				SWIFT_VERSION = 5.0;
				TARGETED_DEVICE_FAMILY = "1,2";
			};
			name = Debug;
		};
		A5C10C852980784400D0488C /* Release */ = {
			isa = XCBuildConfiguration;
			buildSettings = {
				ASSETCATALOG_COMPILER_APPICON_NAME = AppIcon;
				ASSETCATALOG_COMPILER_GLOBAL_ACCENT_COLOR_NAME = AccentColor;
				CODE_SIGN_STYLE = Automatic;
				CURRENT_PROJECT_VERSION = 1;
				DEVELOPMENT_TEAM = KN446JPPP4;
				GENERATE_INFOPLIST_FILE = YES;
				INFOPLIST_FILE = ThePerfectBuzz/Info.plist;
				INFOPLIST_KEY_CFBundleDisplayName = "The Perfect Buzz";
				INFOPLIST_KEY_UIApplicationSupportsIndirectInputEvents = YES;
				INFOPLIST_KEY_UILaunchStoryboardName = LaunchScreen;
				INFOPLIST_KEY_UIMainStoryboardFile = Main;
				INFOPLIST_KEY_UISupportedInterfaceOrientations_iPad = "UIInterfaceOrientationPortrait UIInterfaceOrientationPortraitUpsideDown UIInterfaceOrientationLandscapeLeft UIInterfaceOrientationLandscapeRight";
				INFOPLIST_KEY_UISupportedInterfaceOrientations_iPhone = "UIInterfaceOrientationPortrait UIInterfaceOrientationLandscapeLeft UIInterfaceOrientationLandscapeRight";
				LD_RUNPATH_SEARCH_PATHS = (
					"$(inherited)",
					"@executable_path/Frameworks",
				);
				MARKETING_VERSION = 1.0;
				PRODUCT_BUNDLE_IDENTIFIER = DaneJApps.ThePerfectBuzz;
				PRODUCT_NAME = "$(TARGET_NAME)";
				SWIFT_EMIT_LOC_STRINGS = YES;
				SWIFT_VERSION = 5.0;
				TARGETED_DEVICE_FAMILY = "1,2";
			};
			name = Release;
		};
/* End XCBuildConfiguration section */

/* Begin XCConfigurationList section */
		A5C10C6A2980784300D0488C /* Build configuration list for PBXProject "The Perfect Buzz" */ = {
			isa = XCConfigurationList;
			buildConfigurations = (
				A5C10C812980784400D0488C /* Debug */,
				A5C10C822980784400D0488C /* Release */,
			);
			defaultConfigurationIsVisible = 0;
			defaultConfigurationName = Release;
		};
		A5C10C832980784400D0488C /* Build configuration list for PBXNativeTarget "The Perfect Buzz" */ = {
			isa = XCConfigurationList;
			buildConfigurations = (
				A5C10C842980784400D0488C /* Debug */,
				A5C10C852980784400D0488C /* Release */,
			);
			defaultConfigurationIsVisible = 0;
			defaultConfigurationName = Release;
		};
/* End XCConfigurationList section */
	};
	rootObject = A5C10C672980784300D0488C /* Project object */;
}
